// !$*UTF8*$!
{
	archiveVersion = 1;
	classes = {
	};
	objectVersion = 46;
	objects = {

/* Begin PBXBuildFile section */
		CA071C191CFECE2300316259 /* AppDelegate.swift in Sources */ = {isa = PBXBuildFile; fileRef = CA071C181CFECE2300316259 /* AppDelegate.swift */; };
		CA071C1E1CFECE2300316259 /* Main.storyboard in Resources */ = {isa = PBXBuildFile; fileRef = CA071C1C1CFECE2300316259 /* Main.storyboard */; };
		CA071C201CFECE2300316259 /* Assets.xcassets in Resources */ = {isa = PBXBuildFile; fileRef = CA071C1F1CFECE2300316259 /* Assets.xcassets */; };
		CA071C231CFECE2300316259 /* LaunchScreen.storyboard in Resources */ = {isa = PBXBuildFile; fileRef = CA071C211CFECE2300316259 /* LaunchScreen.storyboard */; };
		CA071C2B1CFECEB300316259 /* BookTableViewController.swift in Sources */ = {isa = PBXBuildFile; fileRef = CA071C2A1CFECEB300316259 /* BookTableViewController.swift */; };
		CA071C2D1CFED23600316259 /* Book.swift in Sources */ = {isa = PBXBuildFile; fileRef = CA071C2C1CFED23600316259 /* Book.swift */; };
		CA3D1DA21CFFC96D00F6B64E /* BookTableViewCell.swift in Sources */ = {isa = PBXBuildFile; fileRef = CA3D1DA11CFFC96D00F6B64E /* BookTableViewCell.swift */; };
		CA3D1DA41CFFD79900F6B64E /* DetailViewController.swift in Sources */ = {isa = PBXBuildFile; fileRef = CA3D1DA31CFFD79900F6B64E /* DetailViewController.swift */; };
		CA3D1DA61CFFF1A200F6B64E /* WebViewController.swift in Sources */ = {isa = PBXBuildFile; fileRef = CA3D1DA51CFFF1A200F6B64E /* WebViewController.swift */; };
/* End PBXBuildFile section */

/* Begin PBXFileReference section */
		CA071C151CFECE2300316259 /* BookStore.app */ = {isa = PBXFileReference; explicitFileType = wrapper.application; includeInIndex = 0; path = BookStore.app; sourceTree = BUILT_PRODUCTS_DIR; };
		CA071C181CFECE2300316259 /* AppDelegate.swift */ = {isa = PBXFileReference; lastKnownFileType = sourcecode.swift; path = AppDelegate.swift; sourceTree = "<group>"; };
		CA071C1D1CFECE2300316259 /* Base */ = {isa = PBXFileReference; lastKnownFileType = file.storyboard; name = Base; path = Base.lproj/Main.storyboard; sourceTree = "<group>"; };
		CA071C1F1CFECE2300316259 /* Assets.xcassets */ = {isa = PBXFileReference; lastKnownFileType = folder.assetcatalog; path = Assets.xcassets; sourceTree = "<group>"; };
		CA071C221CFECE2300316259 /* Base */ = {isa = PBXFileReference; lastKnownFileType = file.storyboard; name = Base; path = Base.lproj/LaunchScreen.storyboard; sourceTree = "<group>"; };
		CA071C241CFECE2300316259 /* Info.plist */ = {isa = PBXFileReference; lastKnownFileType = text.plist.xml; path = Info.plist; sourceTree = "<group>"; };
		CA071C2A1CFECEB300316259 /* BookTableViewController.swift */ = {isa = PBXFileReference; fileEncoding = 4; lastKnownFileType = sourcecode.swift; path = BookTableViewController.swift; sourceTree = "<group>"; };
		CA071C2C1CFED23600316259 /* Book.swift */ = {isa = PBXFileReference; fileEncoding = 4; lastKnownFileType = sourcecode.swift; path = Book.swift; sourceTree = "<group>"; };
		CA3D1DA11CFFC96D00F6B64E /* BookTableViewCell.swift */ = {isa = PBXFileReference; fileEncoding = 4; lastKnownFileType = sourcecode.swift; path = BookTableViewCell.swift; sourceTree = "<group>"; };
		CA3D1DA31CFFD79900F6B64E /* DetailViewController.swift */ = {isa = PBXFileReference; fileEncoding = 4; lastKnownFileType = sourcecode.swift; path = DetailViewController.swift; sourceTree = "<group>"; };
		CA3D1DA51CFFF1A200F6B64E /* WebViewController.swift */ = {isa = PBXFileReference; fileEncoding = 4; lastKnownFileType = sourcecode.swift; path = WebViewController.swift; sourceTree = "<group>"; };
/* End PBXFileReference section */

/* Begin PBXFrameworksBuildPhase section */
		CA071C121CFECE2300316259 /* Frameworks */ = {
			isa = PBXFrameworksBuildPhase;
			buildActionMask = 2147483647;
			files = (
			);
			runOnlyForDeploymentPostprocessing = 0;
		};
/* End PBXFrameworksBuildPhase section */

/* Begin PBXGroup section */
		CA071C0C1CFECE2300316259 = {
			isa = PBXGroup;
			children = (
				CA071C171CFECE2300316259 /* BookStore */,
				CA071C161CFECE2300316259 /* Products */,
			);
			sourceTree = "<group>";
		};
		CA071C161CFECE2300316259 /* Products */ = {
			isa = PBXGroup;
			children = (
				CA071C151CFECE2300316259 /* BookStore.app */,
			);
			name = Products;
			sourceTree = "<group>";
		};
		CA071C171CFECE2300316259 /* BookStore */ = {
			isa = PBXGroup;
			children = (
				CA071C181CFECE2300316259 /* AppDelegate.swift */,
				CA071C2A1CFECEB300316259 /* BookTableViewController.swift */,
				CA3D1DA11CFFC96D00F6B64E /* BookTableViewCell.swift */,
				CA3D1DA31CFFD79900F6B64E /* DetailViewController.swift */,
				CA3D1DA51CFFF1A200F6B64E /* WebViewController.swift */,
				CA071C2C1CFED23600316259 /* Book.swift */,
				CA071C1C1CFECE2300316259 /* Main.storyboard */,
				CA071C1F1CFECE2300316259 /* Assets.xcassets */,
				CA071C211CFECE2300316259 /* LaunchScreen.storyboard */,
				CA071C241CFECE2300316259 /* Info.plist */,
			);
			path = BookStore;
			sourceTree = "<group>";
		};
/* End PBXGroup section */

/* Begin PBXNativeTarget section */
		CA071C141CFECE2300316259 /* BookStore */ = {
			isa = PBXNativeTarget;
			buildConfigurationList = CA071C271CFECE2300316259 /* Build configuration list for PBXNativeTarget "BookStore" */;
			buildPhases = (
				CA071C111CFECE2300316259 /* Sources */,
				CA071C121CFECE2300316259 /* Frameworks */,
				CA071C131CFECE2300316259 /* Resources */,
			);
			buildRules = (
			);
			dependencies = (
			);
			name = BookStore;
			productName = BookStore;
			productReference = CA071C151CFECE2300316259 /* BookStore.app */;
			productType = "com.apple.product-type.application";
		};
/* End PBXNativeTarget section */

/* Begin PBXProject section */
		CA071C0D1CFECE2300316259 /* Project object */ = {
			isa = PBXProject;
			attributes = {
				LastSwiftUpdateCheck = 0730;
				LastUpgradeCheck = 0730;
				ORGANIZATIONNAME = SDS;
				TargetAttributes = {
					CA071C141CFECE2300316259 = {
						CreatedOnToolsVersion = 7.3;
					};
				};
			};
			buildConfigurationList = CA071C101CFECE2300316259 /* Build configuration list for PBXProject "BookStore" */;
			compatibilityVersion = "Xcode 3.2";
			developmentRegion = English;
			hasScannedForEncodings = 0;
			knownRegions = (
				en,
				Base,
			);
			mainGroup = CA071C0C1CFECE2300316259;
			productRefGroup = CA071C161CFECE2300316259 /* Products */;
			projectDirPath = "";
			projectRoot = "";
			targets = (
				CA071C141CFECE2300316259 /* BookStore */,
			);
		};
/* End PBXProject section */

/* Begin PBXResourcesBuildPhase section */
		CA071C131CFECE2300316259 /* Resources */ = {
			isa = PBXResourcesBuildPhase;
			buildActionMask = 2147483647;
			files = (
				CA071C231CFECE2300316259 /* LaunchScreen.storyboard in Resources */,
				CA071C201CFECE2300316259 /* Assets.xcassets in Resources */,
				CA071C1E1CFECE2300316259 /* Main.storyboard in Resources */,
			);
			runOnlyForDeploymentPostprocessing = 0;
		};
/* End PBXResourcesBuildPhase section */

/* Begin PBXSourcesBuildPhase section */
		CA071C111CFECE2300316259 /* Sources */ = {
			isa = PBXSourcesBuildPhase;
			buildActionMask = 2147483647;
			files = (
				CA3D1DA21CFFC96D00F6B64E /* BookTableViewCell.swift in Sources */,
				CA3D1DA61CFFF1A200F6B64E /* WebViewController.swift in Sources */,
				CA071C2B1CFECEB300316259 /* BookTableViewController.swift in Sources */,
				CA3D1DA41CFFD79900F6B64E /* DetailViewController.swift in Sources */,
				CA071C191CFECE2300316259 /* AppDelegate.swift in Sources */,
				CA071C2D1CFED23600316259 /* Book.swift in Sources */,
			);
			runOnlyForDeploymentPostprocessing = 0;
		};
/* End PBXSourcesBuildPhase section */

/* Begin PBXVariantGroup section */
		CA071C1C1CFECE2300316259 /* Main.storyboard */ = {
			isa = PBXVariantGroup;
			children = (
				CA071C1D1CFECE2300316259 /* Base */,
			);
			name = Main.storyboard;
			sourceTree = "<group>";
		};
		CA071C211CFECE2300316259 /* LaunchScreen.storyboard */ = {
			isa = PBXVariantGroup;
			children = (
				CA071C221CFECE2300316259 /* Base */,
			);
			name = LaunchScreen.storyboard;
			sourceTree = "<group>";
		};
/* End PBXVariantGroup section */

/* Begin XCBuildConfiguration section */
		CA071C251CFECE2300316259 /* Debug */ = {
			isa = XCBuildConfiguration;
			buildSettings = {
				ALWAYS_SEARCH_USER_PATHS = NO;
				CLANG_ANALYZER_NONNULL = YES;
				CLANG_CXX_LANGUAGE_STANDARD = "gnu++0x";
				CLANG_CXX_LIBRARY = "libc++";
				CLANG_ENABLE_MODULES = YES;
				CLANG_ENABLE_OBJC_ARC = YES;
				CLANG_WARN_BOOL_CONVERSION = YES;
				CLANG_WARN_CONSTANT_CONVERSION = YES;
				CLANG_WARN_DIRECT_OBJC_ISA_USAGE = YES_ERROR;
				CLANG_WARN_EMPTY_BODY = YES;
				CLANG_WARN_ENUM_CONVERSION = YES;
				CLANG_WARN_INT_CONVERSION = YES;
				CLANG_WARN_OBJC_ROOT_CLASS = YES_ERROR;
				CLANG_WARN_UNREACHABLE_CODE = YES;
				CLANG_WARN__DUPLICATE_METHOD_MATCH = YES;
				"CODE_SIGN_IDENTITY[sdk=iphoneos*]" = "iPhone Developer";
				COPY_PHASE_STRIP = NO;
				DEBUG_INFORMATION_FORMAT = dwarf;
				ENABLE_STRICT_OBJC_MSGSEND = YES;
				ENABLE_TESTABILITY = YES;
				GCC_C_LANGUAGE_STANDARD = gnu99;
				GCC_DYNAMIC_NO_PIC = NO;
				GCC_NO_COMMON_BLOCKS = YES;
				GCC_OPTIMIZATION_LEVEL = 0;
				GCC_PREPROCESSOR_DEFINITIONS = (
					"DEBUG=1",
					"$(inherited)",
				);
				GCC_WARN_64_TO_32_BIT_CONVERSION = YES;
				GCC_WARN_ABOUT_RETURN_TYPE = YES_ERROR;
				GCC_WARN_UNDECLARED_SELECTOR = YES;
				GCC_WARN_UNINITIALIZED_AUTOS = YES_AGGRESSIVE;
				GCC_WARN_UNUSED_FUNCTION = YES;
				GCC_WARN_UNUSED_VARIABLE = YES;
				IPHONEOS_DEPLOYMENT_TARGET = 9.3;
				MTL_ENABLE_DEBUG_INFO = YES;
				ONLY_ACTIVE_ARCH = YES;
				SDKROOT = iphoneos;
				SWIFT_OPTIMIZATION_LEVEL = "-Onone";
			};
			name = Debug;
		};
		CA071C261CFECE2300316259 /* Release */ = {
			isa = XCBuildConfiguration;
			buildSettings = {
				ALWAYS_SEARCH_USER_PATHS = NO;
				CLANG_ANALYZER_NONNULL = YES;
				CLANG_CXX_LANGUAGE_STANDARD = "gnu++0x";
				CLANG_CXX_LIBRARY = "libc++";
				CLANG_ENABLE_MODULES = YES;
				CLANG_ENABLE_OBJC_ARC = YES;
				CLANG_WARN_BOOL_CONVERSION = YES;
				CLANG_WARN_CONSTANT_CONVERSION = YES;
				CLANG_WARN_DIRECT_OBJC_ISA_USAGE = YES_ERROR;
				CLANG_WARN_EMPTY_BODY = YES;
				CLANG_WARN_ENUM_CONVERSION = YES;
				CLANG_WARN_INT_CONVERSION = YES;
				CLANG_WARN_OBJC_ROOT_CLASS = YES_ERROR;
				CLANG_WARN_UNREACHABLE_CODE = YES;
				CLANG_WARN__DUPLICATE_METHOD_MATCH = YES;
				"CODE_SIGN_IDENTITY[sdk=iphoneos*]" = "iPhone Developer";
				COPY_PHASE_STRIP = NO;
				DEBUG_INFORMATION_FORMAT = "dwarf-with-dsym";
				ENABLE_NS_ASSERTIONS = NO;
				ENABLE_STRICT_OBJC_MSGSEND = YES;
				GCC_C_LANGUAGE_STANDARD = gnu99;
				GCC_NO_COMMON_BLOCKS = YES;
				GCC_WARN_64_TO_32_BIT_CONVERSION = YES;
				GCC_WARN_ABOUT_RETURN_TYPE = YES_ERROR;
				GCC_WARN_UNDECLARED_SELECTOR = YES;
				GCC_WARN_UNINITIALIZED_AUTOS = YES_AGGRESSIVE;
				GCC_WARN_UNUSED_FUNCTION = YES;
				GCC_WARN_UNUSED_VARIABLE = YES;
				IPHONEOS_DEPLOYMENT_TARGET = 9.3;
				MTL_ENABLE_DEBUG_INFO = NO;
				SDKROOT = iphoneos;
				VALIDATE_PRODUCT = YES;
			};
			name = Release;
		};
		CA071C281CFECE2300316259 /* Debug */ = {
			isa = XCBuildConfiguration;
			buildSettings = {
				ASSETCATALOG_COMPILER_APPICON_NAME = AppIcon;
				INFOPLIST_FILE = BookStore/Info.plist;
				LD_RUNPATH_SEARCH_PATHS = "$(inherited) @executable_path/Frameworks";
				PRODUCT_BUNDLE_IDENTIFIER = com.sds.BookStore;
				PRODUCT_NAME = "$(TARGET_NAME)";
			};
			name = Debug;
		};
		CA071C291CFECE2300316259 /* Release */ = {
			isa = XCBuildConfiguration;
			buildSettings = {
				ASSETCATALOG_COMPILER_APPICON_NAME = AppIcon;
				INFOPLIST_FILE = BookStore/Info.plist;
				LD_RUNPATH_SEARCH_PATHS = "$(inherited) @executable_path/Frameworks";
				PRODUCT_BUNDLE_IDENTIFIER = com.sds.BookStore;
				PRODUCT_NAME = "$(TARGET_NAME)";
			};
			name = Release;
		};
/* End XCBuildConfiguration section */

/* Begin XCConfigurationList section */
		CA071C101CFECE2300316259 /* Build configuration list for PBXProject "BookStore" */ = {
			isa = XCConfigurationList;
			buildConfigurations = (
				CA071C251CFECE2300316259 /* Debug */,
				CA071C261CFECE2300316259 /* Release */,
			);
			defaultConfigurationIsVisible = 0;
			defaultConfigurationName = Release;
		};
		CA071C271CFECE2300316259 /* Build configuration list for PBXNativeTarget "BookStore" */ = {
			isa = XCConfigurationList;
			buildConfigurations = (
				CA071C281CFECE2300316259 /* Debug */,
				CA071C291CFECE2300316259 /* Release */,
			);
			defaultConfigurationIsVisible = 0;
			defaultConfigurationName = Release;
		};
/* End XCConfigurationList section */
	};
	rootObject = CA071C0D1CFECE2300316259 /* Project object */;
}
